// !$*UTF8*$!
{
	archiveVersion = 1;
	classes = {
	};
	objectVersion = 46;
	objects = {

/* Begin PBXBuildFile section */
		8657E6DD1C29F4C700BD4E50 /* NSData+SA_NSDataExtensions.h in Headers */ = {isa = PBXBuildFile; fileRef = 8657E6DB1C29F4C700BD4E50 /* NSData+SA_NSDataExtensions.h */; };
		8657E6DE1C29F4C700BD4E50 /* NSData+SA_NSDataExtensions.m in Sources */ = {isa = PBXBuildFile; fileRef = 8657E6DC1C29F4C700BD4E50 /* NSData+SA_NSDataExtensions.m */; };
		8657E6E21C2B55B900BD4E50 /* IRC_Numerics.plist in Resources */ = {isa = PBXBuildFile; fileRef = 8657E6E11C2B55B900BD4E50 /* IRC_Numerics.plist */; };
		866EF0101C25FF07006303A1 /* libircclient.a in Frameworks */ = {isa = PBXBuildFile; fileRef = 866EF00F1C25FF07006303A1 /* libircclient.a */; };
		868374A91C24E774005B97E5 /* IRCClient.h in Headers */ = {isa = PBXBuildFile; fileRef = 868374A81C24E774005B97E5 /* IRCClient.h */; settings = {ATTRIBUTES = (Public, ); }; };
		86B6232C1C21FD7C00D6E3AF /* README in Resources */ = {isa = PBXBuildFile; fileRef = 86B6232B1C21FD7C00D6E3AF /* README */; };
		86D784A61C24C39F00C7458D /* libirc_errors.h in Headers */ = {isa = PBXBuildFile; fileRef = 86D784A01C24C39F00C7458D /* libirc_errors.h */; };
		86D784A71C24C39F00C7458D /* libirc_events.h in Headers */ = {isa = PBXBuildFile; fileRef = 86D784A11C24C39F00C7458D /* libirc_events.h */; };
		86D784A81C24C39F00C7458D /* libirc_options.h in Headers */ = {isa = PBXBuildFile; fileRef = 86D784A21C24C39F00C7458D /* libirc_options.h */; };
		86D784A91C24C39F00C7458D /* libirc_rfcnumeric.h in Headers */ = {isa = PBXBuildFile; fileRef = 86D784A31C24C39F00C7458D /* libirc_rfcnumeric.h */; };
		86D784AB1C24C39F00C7458D /* libircclient.h in Headers */ = {isa = PBXBuildFile; fileRef = 86D784A51C24C39F00C7458D /* libircclient.h */; };
		86F2EFF81C21F81900B033A4 /* IRCClientChannel_Private.h in Headers */ = {isa = PBXBuildFile; fileRef = 86F2EFF11C21F81900B033A4 /* IRCClientChannel_Private.h */; };
		86F2EFF91C21F81900B033A4 /* IRCClientChannel.h in Headers */ = {isa = PBXBuildFile; fileRef = 86F2EFF21C21F81900B033A4 /* IRCClientChannel.h */; };
		86F2EFFA1C21F81900B033A4 /* IRCClientChannel.m in Sources */ = {isa = PBXBuildFile; fileRef = 86F2EFF31C21F81900B033A4 /* IRCClientChannel.m */; };
		86F2EFFB1C21F81900B033A4 /* IRCClientChannelDelegate.h in Headers */ = {isa = PBXBuildFile; fileRef = 86F2EFF41C21F81900B033A4 /* IRCClientChannelDelegate.h */; };
		86F2EFFC1C21F81900B033A4 /* IRCClientSession.h in Headers */ = {isa = PBXBuildFile; fileRef = 86F2EFF51C21F81900B033A4 /* IRCClientSession.h */; };
		86F2EFFD1C21F81900B033A4 /* IRCClientSession.m in Sources */ = {isa = PBXBuildFile; fileRef = 86F2EFF61C21F81900B033A4 /* IRCClientSession.m */; };
		86F2EFFE1C21F81900B033A4 /* IRCClientSessionDelegate.h in Headers */ = {isa = PBXBuildFile; fileRef = 86F2EFF71C21F81900B033A4 /* IRCClientSessionDelegate.h */; };
/* End PBXBuildFile section */

/* Begin PBXFileReference section */
		8657E6DB1C29F4C700BD4E50 /* NSData+SA_NSDataExtensions.h */ = {isa = PBXFileReference; fileEncoding = 4; lastKnownFileType = sourcecode.c.h; path = "NSData+SA_NSDataExtensions.h"; sourceTree = "<group>"; };
		8657E6DC1C29F4C700BD4E50 /* NSData+SA_NSDataExtensions.m */ = {isa = PBXFileReference; fileEncoding = 4; lastKnownFileType = sourcecode.c.objc; path = "NSData+SA_NSDataExtensions.m"; sourceTree = "<group>"; };
		8657E6E11C2B55B900BD4E50 /* IRC_Numerics.plist */ = {isa = PBXFileReference; fileEncoding = 4; lastKnownFileType = text.plist.xml; path = IRC_Numerics.plist; sourceTree = "<group>"; };
		866EF00F1C25FF07006303A1 /* libircclient.a */ = {isa = PBXFileReference; lastKnownFileType = archive.ar; path = libircclient.a; sourceTree = "<group>"; };
		868374A81C24E774005B97E5 /* IRCClient.h */ = {isa = PBXFileReference; fileEncoding = 4; lastKnownFileType = sourcecode.c.h; path = IRCClient.h; sourceTree = "<group>"; };
		86B6232B1C21FD7C00D6E3AF /* README */ = {isa = PBXFileReference; fileEncoding = 4; lastKnownFileType = text; path = README; sourceTree = "<group>"; };
		86D784A01C24C39F00C7458D /* libirc_errors.h */ = {isa = PBXFileReference; fileEncoding = 4; lastKnownFileType = sourcecode.c.h; path = libirc_errors.h; sourceTree = "<group>"; };
		86D784A11C24C39F00C7458D /* libirc_events.h */ = {isa = PBXFileReference; fileEncoding = 4; lastKnownFileType = sourcecode.c.h; path = libirc_events.h; sourceTree = "<group>"; };
		86D784A21C24C39F00C7458D /* libirc_options.h */ = {isa = PBXFileReference; fileEncoding = 4; lastKnownFileType = sourcecode.c.h; path = libirc_options.h; sourceTree = "<group>"; };
		86D784A31C24C39F00C7458D /* libirc_rfcnumeric.h */ = {isa = PBXFileReference; fileEncoding = 4; lastKnownFileType = sourcecode.c.h; path = libirc_rfcnumeric.h; sourceTree = "<group>"; };
		86D784A51C24C39F00C7458D /* libircclient.h */ = {isa = PBXFileReference; fileEncoding = 4; lastKnownFileType = sourcecode.c.h; path = libircclient.h; sourceTree = "<group>"; };
		86F2EFE61C21F73600B033A4 /* IRCClient.framework */ = {isa = PBXFileReference; explicitFileType = wrapper.framework; includeInIndex = 0; path = IRCClient.framework; sourceTree = BUILT_PRODUCTS_DIR; };
		86F2EFEB1C21F73600B033A4 /* Info.plist */ = {isa = PBXFileReference; lastKnownFileType = text.plist.xml; path = Info.plist; sourceTree = "<group>"; };
		86F2EFF11C21F81900B033A4 /* IRCClientChannel_Private.h */ = {isa = PBXFileReference; fileEncoding = 4; lastKnownFileType = sourcecode.c.h; path = IRCClientChannel_Private.h; sourceTree = "<group>"; };
		86F2EFF21C21F81900B033A4 /* IRCClientChannel.h */ = {isa = PBXFileReference; fileEncoding = 4; lastKnownFileType = sourcecode.c.h; path = IRCClientChannel.h; sourceTree = "<group>"; };
		86F2EFF31C21F81900B033A4 /* IRCClientChannel.m */ = {isa = PBXFileReference; fileEncoding = 4; lastKnownFileType = sourcecode.c.objc; path = IRCClientChannel.m; sourceTree = "<group>"; };
		86F2EFF41C21F81900B033A4 /* IRCClientChannelDelegate.h */ = {isa = PBXFileReference; fileEncoding = 4; lastKnownFileType = sourcecode.c.h; path = IRCClientChannelDelegate.h; sourceTree = "<group>"; };
		86F2EFF51C21F81900B033A4 /* IRCClientSession.h */ = {isa = PBXFileReference; fileEncoding = 4; lastKnownFileType = sourcecode.c.h; path = IRCClientSession.h; sourceTree = "<group>"; };
		86F2EFF61C21F81900B033A4 /* IRCClientSession.m */ = {isa = PBXFileReference; fileEncoding = 4; lastKnownFileType = sourcecode.c.objc; path = IRCClientSession.m; sourceTree = "<group>"; };
		86F2EFF71C21F81900B033A4 /* IRCClientSessionDelegate.h */ = {isa = PBXFileReference; fileEncoding = 4; lastKnownFileType = sourcecode.c.h; path = IRCClientSessionDelegate.h; sourceTree = "<group>"; };
/* End PBXFileReference section */

/* Begin PBXFrameworksBuildPhase section */
		86F2EFE21C21F73600B033A4 /* Frameworks */ = {
			isa = PBXFrameworksBuildPhase;
			buildActionMask = 2147483647;
			files = (
				866EF0101C25FF07006303A1 /* libircclient.a in Frameworks */,
			);
			runOnlyForDeploymentPostprocessing = 0;
		};
/* End PBXFrameworksBuildPhase section */

/* Begin PBXGroup section */
		8657E6DA1C29F4C700BD4E50 /* NSData+SA_NSDataExtensions */ = {
			isa = PBXGroup;
			children = (
				8657E6DB1C29F4C700BD4E50 /* NSData+SA_NSDataExtensions.h */,
				8657E6DC1C29F4C700BD4E50 /* NSData+SA_NSDataExtensions.m */,
			);
			path = "NSData+SA_NSDataExtensions";
			sourceTree = "<group>";
		};
		86D7849F1C24C39F00C7458D /* libircclient */ = {
			isa = PBXGroup;
			children = (
				866EF00F1C25FF07006303A1 /* libircclient.a */,
				86D784A01C24C39F00C7458D /* libirc_errors.h */,
				86D784A11C24C39F00C7458D /* libirc_events.h */,
				86D784A21C24C39F00C7458D /* libirc_options.h */,
				86D784A31C24C39F00C7458D /* libirc_rfcnumeric.h */,
				86D784A51C24C39F00C7458D /* libircclient.h */,
			);
			path = libircclient;
			sourceTree = "<group>";
		};
		86F2EFDC1C21F73600B033A4 = {
			isa = PBXGroup;
			children = (
				868374A81C24E774005B97E5 /* IRCClient.h */,
				86D7849F1C24C39F00C7458D /* libircclient */,
				8657E6DA1C29F4C700BD4E50 /* NSData+SA_NSDataExtensions */,
				86B6232B1C21FD7C00D6E3AF /* README */,
				86F2EFE81C21F73600B033A4 /* IRCClient */,
				86F2EFE71C21F73600B033A4 /* Products */,
			);
			sourceTree = "<group>";
		};
		86F2EFE71C21F73600B033A4 /* Products */ = {
			isa = PBXGroup;
			children = (
				86F2EFE61C21F73600B033A4 /* IRCClient.framework */,
			);
			name = Products;
			sourceTree = "<group>";
		};
		86F2EFE81C21F73600B033A4 /* IRCClient */ = {
			isa = PBXGroup;
			children = (
				8657E6E11C2B55B900BD4E50 /* IRC_Numerics.plist */,
				86F2EFF11C21F81900B033A4 /* IRCClientChannel_Private.h */,
				86F2EFF21C21F81900B033A4 /* IRCClientChannel.h */,
				86F2EFF31C21F81900B033A4 /* IRCClientChannel.m */,
				86F2EFF41C21F81900B033A4 /* IRCClientChannelDelegate.h */,
				86F2EFF51C21F81900B033A4 /* IRCClientSession.h */,
				86F2EFF61C21F81900B033A4 /* IRCClientSession.m */,
				86F2EFF71C21F81900B033A4 /* IRCClientSessionDelegate.h */,
				86F2EFEB1C21F73600B033A4 /* Info.plist */,
			);
			path = IRCClient;
			sourceTree = "<group>";
		};
/* End PBXGroup section */

/* Begin PBXHeadersBuildPhase section */
		86F2EFE31C21F73600B033A4 /* Headers */ = {
			isa = PBXHeadersBuildPhase;
			buildActionMask = 2147483647;
			files = (
				868374A91C24E774005B97E5 /* IRCClient.h in Headers */,
				86F2EFFE1C21F81900B033A4 /* IRCClientSessionDelegate.h in Headers */,
				86D784AB1C24C39F00C7458D /* libircclient.h in Headers */,
				86D784A61C24C39F00C7458D /* libirc_errors.h in Headers */,
				86F2EFF91C21F81900B033A4 /* IRCClientChannel.h in Headers */,
				86F2EFFB1C21F81900B033A4 /* IRCClientChannelDelegate.h in Headers */,
				8657E6DD1C29F4C700BD4E50 /* NSData+SA_NSDataExtensions.h in Headers */,
				86F2EFFC1C21F81900B033A4 /* IRCClientSession.h in Headers */,
				86D784A71C24C39F00C7458D /* libirc_events.h in Headers */,
				86D784A91C24C39F00C7458D /* libirc_rfcnumeric.h in Headers */,
				86D784A81C24C39F00C7458D /* libirc_options.h in Headers */,
				86F2EFF81C21F81900B033A4 /* IRCClientChannel_Private.h in Headers */,
			);
			runOnlyForDeploymentPostprocessing = 0;
		};
/* End PBXHeadersBuildPhase section */

/* Begin PBXNativeTarget section */
		86F2EFE51C21F73600B033A4 /* IRCClient */ = {
			isa = PBXNativeTarget;
			buildConfigurationList = 86F2EFEE1C21F73600B033A4 /* Build configuration list for PBXNativeTarget "IRCClient" */;
			buildPhases = (
				86F2EFE11C21F73600B033A4 /* Sources */,
				86F2EFE21C21F73600B033A4 /* Frameworks */,
				86F2EFE31C21F73600B033A4 /* Headers */,
				86F2EFE41C21F73600B033A4 /* Resources */,
			);
			buildRules = (
			);
			dependencies = (
			);
			name = IRCClient;
			productName = IRCClient;
			productReference = 86F2EFE61C21F73600B033A4 /* IRCClient.framework */;
			productType = "com.apple.product-type.framework";
		};
/* End PBXNativeTarget section */

/* Begin PBXProject section */
		86F2EFDD1C21F73600B033A4 /* Project object */ = {
			isa = PBXProject;
			attributes = {
				LastUpgradeCheck = 0720;
				ORGANIZATIONNAME = "Said Achmiz";
				TargetAttributes = {
					86F2EFE51C21F73600B033A4 = {
						CreatedOnToolsVersion = 7.1.1;
					};
				};
			};
			buildConfigurationList = 86F2EFE01C21F73600B033A4 /* Build configuration list for PBXProject "IRCClient" */;
			compatibilityVersion = "Xcode 3.2";
			developmentRegion = English;
			hasScannedForEncodings = 0;
			knownRegions = (
				en,
			);
			mainGroup = 86F2EFDC1C21F73600B033A4;
			productRefGroup = 86F2EFE71C21F73600B033A4 /* Products */;
			projectDirPath = "";
			projectRoot = "";
			targets = (
				86F2EFE51C21F73600B033A4 /* IRCClient */,
			);
		};
/* End PBXProject section */

/* Begin PBXResourcesBuildPhase section */
		86F2EFE41C21F73600B033A4 /* Resources */ = {
			isa = PBXResourcesBuildPhase;
			buildActionMask = 2147483647;
			files = (
				86B6232C1C21FD7C00D6E3AF /* README in Resources */,
				8657E6E21C2B55B900BD4E50 /* IRC_Numerics.plist in Resources */,
			);
			runOnlyForDeploymentPostprocessing = 0;
		};
/* End PBXResourcesBuildPhase section */

/* Begin PBXSourcesBuildPhase section */
		86F2EFE11C21F73600B033A4 /* Sources */ = {
			isa = PBXSourcesBuildPhase;
			buildActionMask = 2147483647;
			files = (
				86F2EFFD1C21F81900B033A4 /* IRCClientSession.m in Sources */,
				8657E6DE1C29F4C700BD4E50 /* NSData+SA_NSDataExtensions.m in Sources */,
				86F2EFFA1C21F81900B033A4 /* IRCClientChannel.m in Sources */,
			);
			runOnlyForDeploymentPostprocessing = 0;
		};
/* End PBXSourcesBuildPhase section */

/* Begin XCBuildConfiguration section */
		86F2EFEC1C21F73600B033A4 /* Debug */ = {
			isa = XCBuildConfiguration;
			buildSettings = {
				ALWAYS_SEARCH_USER_PATHS = NO;
				CLANG_ANALYZER_SECURITY_FLOATLOOPCOUNTER = YES;
				CLANG_ANALYZER_SECURITY_INSECUREAPI_RAND = YES;
				CLANG_CXX_LANGUAGE_STANDARD = "gnu++0x";
				CLANG_CXX_LIBRARY = "libc++";
				CLANG_ENABLE_MODULES = YES;
				CLANG_ENABLE_OBJC_ARC = YES;
				CLANG_WARN_ASSIGN_ENUM = YES;
				CLANG_WARN_BOOL_CONVERSION = YES;
				CLANG_WARN_CONSTANT_CONVERSION = YES;
				CLANG_WARN_DEPRECATED_OBJC_IMPLEMENTATIONS = YES;
				CLANG_WARN_DIRECT_OBJC_ISA_USAGE = YES_ERROR;
				CLANG_WARN_EMPTY_BODY = YES;
				CLANG_WARN_ENUM_CONVERSION = YES;
				CLANG_WARN_IMPLICIT_SIGN_CONVERSION = YES;
				CLANG_WARN_INT_CONVERSION = YES;
				CLANG_WARN_OBJC_ROOT_CLASS = YES_ERROR;
				CLANG_WARN_SUSPICIOUS_IMPLICIT_CONVERSION = YES;
				CLANG_WARN_UNREACHABLE_CODE = YES;
				CLANG_WARN__DUPLICATE_METHOD_MATCH = YES;
				CODE_SIGN_IDENTITY = "-";
				COPY_PHASE_STRIP = NO;
				CURRENT_PROJECT_VERSION = 1;
				DEBUG_INFORMATION_FORMAT = dwarf;
				ENABLE_STRICT_OBJC_MSGSEND = YES;
				ENABLE_TESTABILITY = YES;
				GCC_C_LANGUAGE_STANDARD = gnu99;
				GCC_DYNAMIC_NO_PIC = NO;
				GCC_NO_COMMON_BLOCKS = YES;
				GCC_OPTIMIZATION_LEVEL = 0;
				GCC_PREPROCESSOR_DEFINITIONS = (
					"DEBUG=1",
					"$(inherited)",
				);
				GCC_TREAT_WARNINGS_AS_ERRORS = NO;
				GCC_WARN_64_TO_32_BIT_CONVERSION = YES;
				GCC_WARN_ABOUT_MISSING_FIELD_INITIALIZERS = YES;
				GCC_WARN_ABOUT_MISSING_NEWLINE = YES;
				GCC_WARN_ABOUT_RETURN_TYPE = YES_ERROR;
				GCC_WARN_INITIALIZER_NOT_FULLY_BRACKETED = YES;
				GCC_WARN_SHADOW = YES;
				GCC_WARN_SIGN_COMPARE = YES;
				GCC_WARN_STRICT_SELECTOR_MATCH = NO;
				GCC_WARN_UNDECLARED_SELECTOR = YES;
				GCC_WARN_UNINITIALIZED_AUTOS = YES_AGGRESSIVE;
				GCC_WARN_UNUSED_FUNCTION = YES;
				GCC_WARN_UNUSED_LABEL = YES;
				GCC_WARN_UNUSED_VARIABLE = YES;
				MACOSX_DEPLOYMENT_TARGET = 10.6;
				MTL_ENABLE_DEBUG_INFO = YES;
				ONLY_ACTIVE_ARCH = YES;
				RUN_CLANG_STATIC_ANALYZER = YES;
				SDKROOT = macosx;
				VERSIONING_SYSTEM = "apple-generic";
				VERSION_INFO_PREFIX = "";
			};
			name = Debug;
		};
		86F2EFED1C21F73600B033A4 /* Release */ = {
			isa = XCBuildConfiguration;
			buildSettings = {
				ALWAYS_SEARCH_USER_PATHS = NO;
				CLANG_ANALYZER_SECURITY_FLOATLOOPCOUNTER = YES;
				CLANG_ANALYZER_SECURITY_INSECUREAPI_RAND = YES;
				CLANG_CXX_LANGUAGE_STANDARD = "gnu++0x";
				CLANG_CXX_LIBRARY = "libc++";
				CLANG_ENABLE_MODULES = YES;
				CLANG_ENABLE_OBJC_ARC = YES;
				CLANG_WARN_ASSIGN_ENUM = YES;
				CLANG_WARN_BOOL_CONVERSION = YES;
				CLANG_WARN_CONSTANT_CONVERSION = YES;
				CLANG_WARN_DEPRECATED_OBJC_IMPLEMENTATIONS = YES;
				CLANG_WARN_DIRECT_OBJC_ISA_USAGE = YES_ERROR;
				CLANG_WARN_EMPTY_BODY = YES;
				CLANG_WARN_ENUM_CONVERSION = YES;
				CLANG_WARN_IMPLICIT_SIGN_CONVERSION = YES;
				CLANG_WARN_INT_CONVERSION = YES;
				CLANG_WARN_OBJC_ROOT_CLASS = YES_ERROR;
				CLANG_WARN_SUSPICIOUS_IMPLICIT_CONVERSION = YES;
				CLANG_WARN_UNREACHABLE_CODE = YES;
				CLANG_WARN__DUPLICATE_METHOD_MATCH = YES;
				CODE_SIGN_IDENTITY = "-";
				COPY_PHASE_STRIP = NO;
				CURRENT_PROJECT_VERSION = 1;
				DEBUG_INFORMATION_FORMAT = "dwarf-with-dsym";
				ENABLE_NS_ASSERTIONS = NO;
				ENABLE_STRICT_OBJC_MSGSEND = YES;
				GCC_C_LANGUAGE_STANDARD = gnu99;
				GCC_NO_COMMON_BLOCKS = YES;
				GCC_TREAT_WARNINGS_AS_ERRORS = NO;
				GCC_WARN_64_TO_32_BIT_CONVERSION = YES;
				GCC_WARN_ABOUT_MISSING_FIELD_INITIALIZERS = YES;
				GCC_WARN_ABOUT_MISSING_NEWLINE = YES;
				GCC_WARN_ABOUT_RETURN_TYPE = YES_ERROR;
				GCC_WARN_INITIALIZER_NOT_FULLY_BRACKETED = YES;
				GCC_WARN_SHADOW = YES;
				GCC_WARN_SIGN_COMPARE = YES;
				GCC_WARN_STRICT_SELECTOR_MATCH = NO;
				GCC_WARN_UNDECLARED_SELECTOR = YES;
				GCC_WARN_UNINITIALIZED_AUTOS = YES_AGGRESSIVE;
				GCC_WARN_UNUSED_FUNCTION = YES;
				GCC_WARN_UNUSED_LABEL = YES;
				GCC_WARN_UNUSED_VARIABLE = YES;
				MACOSX_DEPLOYMENT_TARGET = 10.6;
				MTL_ENABLE_DEBUG_INFO = NO;
				RUN_CLANG_STATIC_ANALYZER = YES;
				SDKROOT = macosx;
				VERSIONING_SYSTEM = "apple-generic";
				VERSION_INFO_PREFIX = "";
			};
			name = Release;
		};
		86F2EFEF1C21F73600B033A4 /* Debug */ = {
			isa = XCBuildConfiguration;
			buildSettings = {
				COMBINE_HIDPI_IMAGES = YES;
				CURRENT_PROJECT_VERSION = 2.0;
				DEFINES_MODULE = YES;
				DYLIB_COMPATIBILITY_VERSION = 2.0;
				DYLIB_CURRENT_VERSION = 2.0;
				DYLIB_INSTALL_NAME_BASE = "@rpath";
				FRAMEWORK_VERSION = A;
				GCC_TREAT_WARNINGS_AS_ERRORS = NO;
				GCC_WARN_ABOUT_MISSING_FIELD_INITIALIZERS = YES;
				GCC_WARN_ABOUT_MISSING_NEWLINE = YES;
				GCC_WARN_INITIALIZER_NOT_FULLY_BRACKETED = YES;
				GCC_WARN_SHADOW = YES;
				GCC_WARN_SIGN_COMPARE = YES;
				GCC_WARN_UNUSED_LABEL = YES;
				HEADER_SEARCH_PATHS = (
					libircclient/,
					"$(PROJECT_DIR)/",
				);
				INFOPLIST_FILE = IRCClient/Info.plist;
				INSTALL_PATH = "@executable_path/../Frameworks";
				LD_RUNPATH_SEARCH_PATHS = "$(inherited) @executable_path/../Frameworks @loader_path/Frameworks";
				LIBRARY_SEARCH_PATHS = (
					"$(inherited)",
					"$(PROJECT_DIR)",
					"$(PROJECT_DIR)/libircclient",
				);
				MACOSX_DEPLOYMENT_TARGET = 10.6;
				PRODUCT_BUNDLE_IDENTIFIER = saidachmiz.IRCClient;
				PRODUCT_NAME = "$(TARGET_NAME)";
				RUN_CLANG_STATIC_ANALYZER = YES;
				SKIP_INSTALL = YES;
				STRINGS_FILE_OUTPUT_ENCODING = "UTF-8";
				VALID_ARCHS = x86_64;
			};
			name = Debug;
		};
		86F2EFF01C21F73600B033A4 /* Release */ = {
			isa = XCBuildConfiguration;
			buildSettings = {
				COMBINE_HIDPI_IMAGES = YES;
				CURRENT_PROJECT_VERSION = 2.0;
				DEFINES_MODULE = YES;
				DYLIB_COMPATIBILITY_VERSION = 2.0;
				DYLIB_CURRENT_VERSION = 2.0;
				DYLIB_INSTALL_NAME_BASE = "@rpath";
				FRAMEWORK_VERSION = A;
				GCC_TREAT_WARNINGS_AS_ERRORS = NO;
				GCC_WARN_ABOUT_MISSING_FIELD_INITIALIZERS = YES;
				GCC_WARN_ABOUT_MISSING_NEWLINE = YES;
				GCC_WARN_INITIALIZER_NOT_FULLY_BRACKETED = YES;
				GCC_WARN_SHADOW = YES;
				GCC_WARN_SIGN_COMPARE = YES;
				GCC_WARN_UNUSED_LABEL = YES;
				HEADER_SEARCH_PATHS = (
					libircclient/,
					"$(PROJECT_DIR)/",
				);
				INFOPLIST_FILE = IRCClient/Info.plist;
				INSTALL_PATH = "@executable_path/../Frameworks";
				LD_RUNPATH_SEARCH_PATHS = "$(inherited) @executable_path/../Frameworks @loader_path/Frameworks";
				LIBRARY_SEARCH_PATHS = (
					"$(inherited)",
					"$(PROJECT_DIR)",
					"$(PROJECT_DIR)/libircclient",
				);
				MACOSX_DEPLOYMENT_TARGET = 10.6;
				PRODUCT_BUNDLE_IDENTIFIER = saidachmiz.IRCClient;
				PRODUCT_NAME = "$(TARGET_NAME)";
				RUN_CLANG_STATIC_ANALYZER = YES;
				SKIP_INSTALL = YES;
				STRINGS_FILE_OUTPUT_ENCODING = "UTF-8";
				VALID_ARCHS = x86_64;
			};
			name = Release;
		};
/* End XCBuildConfiguration section */

/* Begin XCConfigurationList section */
		86F2EFE01C21F73600B033A4 /* Build configuration list for PBXProject "IRCClient" */ = {
			isa = XCConfigurationList;
			buildConfigurations = (
				86F2EFEC1C21F73600B033A4 /* Debug */,
				86F2EFED1C21F73600B033A4 /* Release */,
			);
			defaultConfigurationIsVisible = 0;
			defaultConfigurationName = Release;
		};
		86F2EFEE1C21F73600B033A4 /* Build configuration list for PBXNativeTarget "IRCClient" */ = {
			isa = XCConfigurationList;
			buildConfigurations = (
				86F2EFEF1C21F73600B033A4 /* Debug */,
				86F2EFF01C21F73600B033A4 /* Release */,
			);
			defaultConfigurationIsVisible = 0;
			defaultConfigurationName = Release;
		};
/* End XCConfigurationList section */
	};
	rootObject = 86F2EFDD1C21F73600B033A4 /* Project object */;
}
